// !$*UTF8*$!
{
	archiveVersion = 1;
	classes = {
	};
	objectVersion = 55;
	objects = {

/* Begin PBXBuildFile section */
		660711D228EC4EBB00AB2913 /* News.swift in Sources */ = {isa = PBXBuildFile; fileRef = 660711D128EC4EBB00AB2913 /* News.swift */; };
		660711D428EC4FDF00AB2913 /* WebService.swift in Sources */ = {isa = PBXBuildFile; fileRef = 660711D328EC4FDF00AB2913 /* WebService.swift */; };
		663912D828EB397100BBD4DE /* AppDelegate.swift in Sources */ = {isa = PBXBuildFile; fileRef = 663912D728EB397100BBD4DE /* AppDelegate.swift */; };
		663912DA28EB397100BBD4DE /* SceneDelegate.swift in Sources */ = {isa = PBXBuildFile; fileRef = 663912D928EB397100BBD4DE /* SceneDelegate.swift */; };
		663912DC28EB397100BBD4DE /* ViewController.swift in Sources */ = {isa = PBXBuildFile; fileRef = 663912DB28EB397100BBD4DE /* ViewController.swift */; };
		663912DF28EB397100BBD4DE /* Main.storyboard in Resources */ = {isa = PBXBuildFile; fileRef = 663912DD28EB397100BBD4DE /* Main.storyboard */; };
		663912E128EB397400BBD4DE /* Assets.xcassets in Resources */ = {isa = PBXBuildFile; fileRef = 663912E028EB397400BBD4DE /* Assets.xcassets */; };
		663912E428EB397400BBD4DE /* LaunchScreen.storyboard in Resources */ = {isa = PBXBuildFile; fileRef = 663912E228EB397400BBD4DE /* LaunchScreen.storyboard */; };
		663912F028EB39EA00BBD4DE /* NewsTableViewCell.swift in Sources */ = {isa = PBXBuildFile; fileRef = 663912EF28EB39EA00BBD4DE /* NewsTableViewCell.swift */; };
/* End PBXBuildFile section */

/* Begin PBXFileReference section */
		660711D128EC4EBB00AB2913 /* News.swift */ = {isa = PBXFileReference; lastKnownFileType = sourcecode.swift; path = News.swift; sourceTree = "<group>"; };
		660711D328EC4FDF00AB2913 /* WebService.swift */ = {isa = PBXFileReference; lastKnownFileType = sourcecode.swift; path = WebService.swift; sourceTree = "<group>"; };
		663912D428EB397100BBD4DE /* MVVMApiNews.app */ = {isa = PBXFileReference; explicitFileType = wrapper.application; includeInIndex = 0; path = MVVMApiNews.app; sourceTree = BUILT_PRODUCTS_DIR; };
		663912D728EB397100BBD4DE /* AppDelegate.swift */ = {isa = PBXFileReference; lastKnownFileType = sourcecode.swift; path = AppDelegate.swift; sourceTree = "<group>"; };
		663912D928EB397100BBD4DE /* SceneDelegate.swift */ = {isa = PBXFileReference; lastKnownFileType = sourcecode.swift; path = SceneDelegate.swift; sourceTree = "<group>"; };
		663912DB28EB397100BBD4DE /* ViewController.swift */ = {isa = PBXFileReference; lastKnownFileType = sourcecode.swift; path = ViewController.swift; sourceTree = "<group>"; };
		663912DE28EB397100BBD4DE /* Base */ = {isa = PBXFileReference; lastKnownFileType = file.storyboard; name = Base; path = Base.lproj/Main.storyboard; sourceTree = "<group>"; };
		663912E028EB397400BBD4DE /* Assets.xcassets */ = {isa = PBXFileReference; lastKnownFileType = folder.assetcatalog; path = Assets.xcassets; sourceTree = "<group>"; };
		663912E328EB397400BBD4DE /* Base */ = {isa = PBXFileReference; lastKnownFileType = file.storyboard; name = Base; path = Base.lproj/LaunchScreen.storyboard; sourceTree = "<group>"; };
		663912E528EB397400BBD4DE /* Info.plist */ = {isa = PBXFileReference; lastKnownFileType = text.plist.xml; path = Info.plist; sourceTree = "<group>"; };
		663912EF28EB39EA00BBD4DE /* NewsTableViewCell.swift */ = {isa = PBXFileReference; lastKnownFileType = sourcecode.swift; path = NewsTableViewCell.swift; sourceTree = "<group>"; };
/* End PBXFileReference section */

/* Begin PBXFrameworksBuildPhase section */
		663912D128EB397100BBD4DE /* Frameworks */ = {
			isa = PBXFrameworksBuildPhase;
			buildActionMask = 2147483647;
			files = (
			);
			runOnlyForDeploymentPostprocessing = 0;
		};
/* End PBXFrameworksBuildPhase section */

/* Begin PBXGroup section */
		663912CB28EB397100BBD4DE = {
			isa = PBXGroup;
			children = (
				663912D628EB397100BBD4DE /* MVVMApiNews */,
				663912D528EB397100BBD4DE /* Products */,
			);
			sourceTree = "<group>";
		};
		663912D528EB397100BBD4DE /* Products */ = {
			isa = PBXGroup;
			children = (
				663912D428EB397100BBD4DE /* MVVMApiNews.app */,
			);
			name = Products;
			sourceTree = "<group>";
		};
		663912D628EB397100BBD4DE /* MVVMApiNews */ = {
			isa = PBXGroup;
			children = (
				663912EE28EB39C000BBD4DE /* ViewModel */,
				663912ED28EB39BA00BBD4DE /* View */,
				663912EC28EB39B200BBD4DE /* Service */,
				663912EB28EB39AC00BBD4DE /* Model */,
				663912DD28EB397100BBD4DE /* Main.storyboard */,
				663912E028EB397400BBD4DE /* Assets.xcassets */,
				663912E228EB397400BBD4DE /* LaunchScreen.storyboard */,
				663912E528EB397400BBD4DE /* Info.plist */,
			);
			path = MVVMApiNews;
			sourceTree = "<group>";
		};
		663912EB28EB39AC00BBD4DE /* Model */ = {
			isa = PBXGroup;
			children = (
				660711D128EC4EBB00AB2913 /* News.swift */,
			);
			path = Model;
			sourceTree = "<group>";
		};
		663912EC28EB39B200BBD4DE /* Service */ = {
			isa = PBXGroup;
			children = (
				660711D328EC4FDF00AB2913 /* WebService.swift */,
			);
			path = Service;
			sourceTree = "<group>";
		};
		663912ED28EB39BA00BBD4DE /* View */ = {
			isa = PBXGroup;
			children = (
				663912EF28EB39EA00BBD4DE /* NewsTableViewCell.swift */,
				663912D728EB397100BBD4DE /* AppDelegate.swift */,
				663912D928EB397100BBD4DE /* SceneDelegate.swift */,
				663912DB28EB397100BBD4DE /* ViewController.swift */,
			);
			path = View;
			sourceTree = "<group>";
		};
		663912EE28EB39C000BBD4DE /* ViewModel */ = {
			isa = PBXGroup;
			children = (
			);
			path = ViewModel;
			sourceTree = "<group>";
		};
/* End PBXGroup section */

/* Begin PBXNativeTarget section */
		663912D328EB397100BBD4DE /* MVVMApiNews */ = {
			isa = PBXNativeTarget;
			buildConfigurationList = 663912E828EB397400BBD4DE /* Build configuration list for PBXNativeTarget "MVVMApiNews" */;
			buildPhases = (
				663912D028EB397100BBD4DE /* Sources */,
				663912D128EB397100BBD4DE /* Frameworks */,
				663912D228EB397100BBD4DE /* Resources */,
			);
			buildRules = (
			);
			dependencies = (
			);
			name = MVVMApiNews;
			productName = MVVMApiNews;
			productReference = 663912D428EB397100BBD4DE /* MVVMApiNews.app */;
			productType = "com.apple.product-type.application";
		};
/* End PBXNativeTarget section */

/* Begin PBXProject section */
		663912CC28EB397100BBD4DE /* Project object */ = {
			isa = PBXProject;
			attributes = {
				BuildIndependentTargetsInParallel = 1;
				LastSwiftUpdateCheck = 1340;
				LastUpgradeCheck = 1340;
				TargetAttributes = {
					663912D328EB397100BBD4DE = {
						CreatedOnToolsVersion = 13.4.1;
					};
				};
			};
			buildConfigurationList = 663912CF28EB397100BBD4DE /* Build configuration list for PBXProject "MVVMApiNews" */;
			compatibilityVersion = "Xcode 13.0";
			developmentRegion = en;
			hasScannedForEncodings = 0;
			knownRegions = (
				en,
				Base,
			);
			mainGroup = 663912CB28EB397100BBD4DE;
			productRefGroup = 663912D528EB397100BBD4DE /* Products */;
			projectDirPath = "";
			projectRoot = "";
			targets = (
				663912D328EB397100BBD4DE /* MVVMApiNews */,
			);
		};
/* End PBXProject section */

/* Begin PBXResourcesBuildPhase section */
		663912D228EB397100BBD4DE /* Resources */ = {
			isa = PBXResourcesBuildPhase;
			buildActionMask = 2147483647;
			files = (
				663912E428EB397400BBD4DE /* LaunchScreen.storyboard in Resources */,
				663912E128EB397400BBD4DE /* Assets.xcassets in Resources */,
				663912DF28EB397100BBD4DE /* Main.storyboard in Resources */,
			);
			runOnlyForDeploymentPostprocessing = 0;
		};
/* End PBXResourcesBuildPhase section */

/* Begin PBXSourcesBuildPhase section */
		663912D028EB397100BBD4DE /* Sources */ = {
			isa = PBXSourcesBuildPhase;
			buildActionMask = 2147483647;
			files = (
				660711D428EC4FDF00AB2913 /* WebService.swift in Sources */,
				663912DC28EB397100BBD4DE /* ViewController.swift in Sources */,
				663912D828EB397100BBD4DE /* AppDelegate.swift in Sources */,
				663912F028EB39EA00BBD4DE /* NewsTableViewCell.swift in Sources */,
				660711D228EC4EBB00AB2913 /* News.swift in Sources */,
				663912DA28EB397100BBD4DE /* SceneDelegate.swift in Sources */,
			);
			runOnlyForDeploymentPostprocessing = 0;
		};
/* End PBXSourcesBuildPhase section */

/* Begin PBXVariantGroup section */
		663912DD28EB397100BBD4DE /* Main.storyboard */ = {
			isa = PBXVariantGroup;
			children = (
				663912DE28EB397100BBD4DE /* Base */,
			);
			name = Main.storyboard;
			sourceTree = "<group>";
		};
		663912E228EB397400BBD4DE /* LaunchScreen.storyboard */ = {
			isa = PBXVariantGroup;
			children = (
				663912E328EB397400BBD4DE /* Base */,
			);
			name = LaunchScreen.storyboard;
			sourceTree = "<group>";
		};
/* End PBXVariantGroup section */

/* Begin XCBuildConfiguration section */
		663912E628EB397400BBD4DE /* Debug */ = {
			isa = XCBuildConfiguration;
			buildSettings = {
				ALWAYS_SEARCH_USER_PATHS = NO;
				CLANG_ANALYZER_NONNULL = YES;
				CLANG_ANALYZER_NUMBER_OBJECT_CONVERSION = YES_AGGRESSIVE;
				CLANG_CXX_LANGUAGE_STANDARD = "gnu++17";
				CLANG_ENABLE_MODULES = YES;
				CLANG_ENABLE_OBJC_ARC = YES;
				CLANG_ENABLE_OBJC_WEAK = YES;
				CLANG_WARN_BLOCK_CAPTURE_AUTORELEASING = YES;
				CLANG_WARN_BOOL_CONVERSION = YES;
				CLANG_WARN_COMMA = YES;
				CLANG_WARN_CONSTANT_CONVERSION = YES;
				CLANG_WARN_DEPRECATED_OBJC_IMPLEMENTATIONS = YES;
				CLANG_WARN_DIRECT_OBJC_ISA_USAGE = YES_ERROR;
				CLANG_WARN_DOCUMENTATION_COMMENTS = YES;
				CLANG_WARN_EMPTY_BODY = YES;
				CLANG_WARN_ENUM_CONVERSION = YES;
				CLANG_WARN_INFINITE_RECURSION = YES;
				CLANG_WARN_INT_CONVERSION = YES;
				CLANG_WARN_NON_LITERAL_NULL_CONVERSION = YES;
				CLANG_WARN_OBJC_IMPLICIT_RETAIN_SELF = YES;
				CLANG_WARN_OBJC_LITERAL_CONVERSION = YES;
				CLANG_WARN_OBJC_ROOT_CLASS = YES_ERROR;
				CLANG_WARN_QUOTED_INCLUDE_IN_FRAMEWORK_HEADER = YES;
				CLANG_WARN_RANGE_LOOP_ANALYSIS = YES;
				CLANG_WARN_STRICT_PROTOTYPES = YES;
				CLANG_WARN_SUSPICIOUS_MOVE = YES;
				CLANG_WARN_UNGUARDED_AVAILABILITY = YES_AGGRESSIVE;
				CLANG_WARN_UNREACHABLE_CODE = YES;
				CLANG_WARN__DUPLICATE_METHOD_MATCH = YES;
				COPY_PHASE_STRIP = NO;
				DEBUG_INFORMATION_FORMAT = dwarf;
				ENABLE_STRICT_OBJC_MSGSEND = YES;
				ENABLE_TESTABILITY = YES;
				GCC_C_LANGUAGE_STANDARD = gnu11;
				GCC_DYNAMIC_NO_PIC = NO;
				GCC_NO_COMMON_BLOCKS = YES;
				GCC_OPTIMIZATION_LEVEL = 0;
				GCC_PREPROCESSOR_DEFINITIONS = (
					"DEBUG=1",
					"$(inherited)",
				);
				GCC_WARN_64_TO_32_BIT_CONVERSION = YES;
				GCC_WARN_ABOUT_RETURN_TYPE = YES_ERROR;
				GCC_WARN_UNDECLARED_SELECTOR = YES;
				GCC_WARN_UNINITIALIZED_AUTOS = YES_AGGRESSIVE;
				GCC_WARN_UNUSED_FUNCTION = YES;
				GCC_WARN_UNUSED_VARIABLE = YES;
				IPHONEOS_DEPLOYMENT_TARGET = 15.5;
				MTL_ENABLE_DEBUG_INFO = INCLUDE_SOURCE;
				MTL_FAST_MATH = YES;
				ONLY_ACTIVE_ARCH = YES;
				SDKROOT = iphoneos;
				SWIFT_ACTIVE_COMPILATION_CONDITIONS = DEBUG;
				SWIFT_OPTIMIZATION_LEVEL = "-Onone";
			};
			name = Debug;
		};
		663912E728EB397400BBD4DE /* Release */ = {
			isa = XCBuildConfiguration;
			buildSettings = {
				ALWAYS_SEARCH_USER_PATHS = NO;
				CLANG_ANALYZER_NONNULL = YES;
				CLANG_ANALYZER_NUMBER_OBJECT_CONVERSION = YES_AGGRESSIVE;
				CLANG_CXX_LANGUAGE_STANDARD = "gnu++17";
				CLANG_ENABLE_MODULES = YES;
				CLANG_ENABLE_OBJC_ARC = YES;
				CLANG_ENABLE_OBJC_WEAK = YES;
				CLANG_WARN_BLOCK_CAPTURE_AUTORELEASING = YES;
				CLANG_WARN_BOOL_CONVERSION = YES;
				CLANG_WARN_COMMA = YES;
				CLANG_WARN_CONSTANT_CONVERSION = YES;
				CLANG_WARN_DEPRECATED_OBJC_IMPLEMENTATIONS = YES;
				CLANG_WARN_DIRECT_OBJC_ISA_USAGE = YES_ERROR;
				CLANG_WARN_DOCUMENTATION_COMMENTS = YES;
				CLANG_WARN_EMPTY_BODY = YES;
				CLANG_WARN_ENUM_CONVERSION = YES;
				CLANG_WARN_INFINITE_RECURSION = YES;
				CLANG_WARN_INT_CONVERSION = YES;
				CLANG_WARN_NON_LITERAL_NULL_CONVERSION = YES;
				CLANG_WARN_OBJC_IMPLICIT_RETAIN_SELF = YES;
				CLANG_WARN_OBJC_LITERAL_CONVERSION = YES;
				CLANG_WARN_OBJC_ROOT_CLASS = YES_ERROR;
				CLANG_WARN_QUOTED_INCLUDE_IN_FRAMEWORK_HEADER = YES;
				CLANG_WARN_RANGE_LOOP_ANALYSIS = YES;
				CLANG_WARN_STRICT_PROTOTYPES = YES;
				CLANG_WARN_SUSPICIOUS_MOVE = YES;
				CLANG_WARN_UNGUARDED_AVAILABILITY = YES_AGGRESSIVE;
				CLANG_WARN_UNREACHABLE_CODE = YES;
				CLANG_WARN__DUPLICATE_METHOD_MATCH = YES;
				COPY_PHASE_STRIP = NO;
				DEBUG_INFORMATION_FORMAT = "dwarf-with-dsym";
				ENABLE_NS_ASSERTIONS = NO;
				ENABLE_STRICT_OBJC_MSGSEND = YES;
				GCC_C_LANGUAGE_STANDARD = gnu11;
				GCC_NO_COMMON_BLOCKS = YES;
				GCC_WARN_64_TO_32_BIT_CONVERSION = YES;
				GCC_WARN_ABOUT_RETURN_TYPE = YES_ERROR;
				GCC_WARN_UNDECLARED_SELECTOR = YES;
				GCC_WARN_UNINITIALIZED_AUTOS = YES_AGGRESSIVE;
				GCC_WARN_UNUSED_FUNCTION = YES;
				GCC_WARN_UNUSED_VARIABLE = YES;
				IPHONEOS_DEPLOYMENT_TARGET = 15.5;
				MTL_ENABLE_DEBUG_INFO = NO;
				MTL_FAST_MATH = YES;
				SDKROOT = iphoneos;
				SWIFT_COMPILATION_MODE = wholemodule;
				SWIFT_OPTIMIZATION_LEVEL = "-O";
				VALIDATE_PRODUCT = YES;
			};
			name = Release;
		};
		663912E928EB397400BBD4DE /* Debug */ = {
			isa = XCBuildConfiguration;
			buildSettings = {
				ASSETCATALOG_COMPILER_APPICON_NAME = AppIcon;
				ASSETCATALOG_COMPILER_GLOBAL_ACCENT_COLOR_NAME = AccentColor;
				CODE_SIGN_STYLE = Automatic;
				CURRENT_PROJECT_VERSION = 1;
				DEVELOPMENT_TEAM = 8HQ36BVQ22;
				GENERATE_INFOPLIST_FILE = YES;
				INFOPLIST_FILE = MVVMApiNews/Info.plist;
				INFOPLIST_KEY_UIApplicationSupportsIndirectInputEvents = YES;
				INFOPLIST_KEY_UILaunchStoryboardName = LaunchScreen;
				INFOPLIST_KEY_UIMainStoryboardFile = Main;
				INFOPLIST_KEY_UISupportedInterfaceOrientations_iPad = "UIInterfaceOrientationPortrait UIInterfaceOrientationPortraitUpsideDown UIInterfaceOrientationLandscapeLeft UIInterfaceOrientationLandscapeRight";
				INFOPLIST_KEY_UISupportedInterfaceOrientations_iPhone = "UIInterfaceOrientationPortrait UIInterfaceOrientationLandscapeLeft UIInterfaceOrientationLandscapeRight";
				LD_RUNPATH_SEARCH_PATHS = (
					"$(inherited)",
					"@executable_path/Frameworks",
				);
				MARKETING_VERSION = 1.0;
				PRODUCT_BUNDLE_IDENTIFIER = com.info.MVVMApiNews;
				PRODUCT_NAME = "$(TARGET_NAME)";
				SWIFT_EMIT_LOC_STRINGS = YES;
				SWIFT_VERSION = 5.0;
				TARGETED_DEVICE_FAMILY = "1,2";
			};
			name = Debug;
		};
		663912EA28EB397400BBD4DE /* Release */ = {
			isa = XCBuildConfiguration;
			buildSettings = {
				ASSETCATALOG_COMPILER_APPICON_NAME = AppIcon;
				ASSETCATALOG_COMPILER_GLOBAL_ACCENT_COLOR_NAME = AccentColor;
				CODE_SIGN_STYLE = Automatic;
				CURRENT_PROJECT_VERSION = 1;
				DEVELOPMENT_TEAM = 8HQ36BVQ22;
				GENERATE_INFOPLIST_FILE = YES;
				INFOPLIST_FILE = MVVMApiNews/Info.plist;
				INFOPLIST_KEY_UIApplicationSupportsIndirectInputEvents = YES;
				INFOPLIST_KEY_UILaunchStoryboardName = LaunchScreen;
				INFOPLIST_KEY_UIMainStoryboardFile = Main;
				INFOPLIST_KEY_UISupportedInterfaceOrientations_iPad = "UIInterfaceOrientationPortrait UIInterfaceOrientationPortraitUpsideDown UIInterfaceOrientationLandscapeLeft UIInterfaceOrientationLandscapeRight";
				INFOPLIST_KEY_UISupportedInterfaceOrientations_iPhone = "UIInterfaceOrientationPortrait UIInterfaceOrientationLandscapeLeft UIInterfaceOrientationLandscapeRight";
				LD_RUNPATH_SEARCH_PATHS = (
					"$(inherited)",
					"@executable_path/Frameworks",
				);
				MARKETING_VERSION = 1.0;
				PRODUCT_BUNDLE_IDENTIFIER = com.info.MVVMApiNews;
				PRODUCT_NAME = "$(TARGET_NAME)";
				SWIFT_EMIT_LOC_STRINGS = YES;
				SWIFT_VERSION = 5.0;
				TARGETED_DEVICE_FAMILY = "1,2";
			};
			name = Release;
		};
/* End XCBuildConfiguration section */

/* Begin XCConfigurationList section */
		663912CF28EB397100BBD4DE /* Build configuration list for PBXProject "MVVMApiNews" */ = {
			isa = XCConfigurationList;
			buildConfigurations = (
				663912E628EB397400BBD4DE /* Debug */,
				663912E728EB397400BBD4DE /* Release */,
			);
			defaultConfigurationIsVisible = 0;
			defaultConfigurationName = Release;
		};
		663912E828EB397400BBD4DE /* Build configuration list for PBXNativeTarget "MVVMApiNews" */ = {
			isa = XCConfigurationList;
			buildConfigurations = (
				663912E928EB397400BBD4DE /* Debug */,
				663912EA28EB397400BBD4DE /* Release */,
			);
			defaultConfigurationIsVisible = 0;
			defaultConfigurationName = Release;
		};
/* End XCConfigurationList section */
	};
	rootObject = 663912CC28EB397100BBD4DE /* Project object */;
}
